
Microsoft Visual Studio Solution File, Format Version 12.00
# Visual Studio Version 17
VisualStudioVersion = 17.13.35931.197
MinimumVisualStudioVersion = 10.0.40219.1
Project("{FAE04EC0-301F-11D3-BF4B-00C04F79EFBC}") = "Api", "src\Api\Api.csproj", "{D77B14D4-15DA-4774-BE27-06B0F27C1B68}"
EndProject
Project("{2150E333-8FDC-42A3-9474-1A3956D46DE8}") = "src", "src", "{02EA681E-C7D8-13C7-8484-4AC65E1B71E8}"
EndProject
Project("{2150E333-8FDC-42A3-9474-1A3956D46DE8}") = "tests", "tests", "{CAAAE004-BF87-49AE-ADED-4DEEFC9B1E51}"
EndProject
Project("{2150E333-8FDC-42A3-9474-1A3956D46DE8}") = "library", "library", "{194E2C6D-9C64-42AF-85B3-82746C91166E}"
EndProject
Project("{FAE04EC0-301F-11D3-BF4B-00C04F79EFBC}") = "Domain", "src\Domain\Domain.csproj", "{8C3ECCC1-3323-4A2E-B7D0-0EC8E4C54159}"
EndProject
Project("{FAE04EC0-301F-11D3-BF4B-00C04F79EFBC}") = "Infrastructure", "src\Infrastructure\Infrastructure.csproj", "{2EB70AF3-6C7A-47BD-B8A2-CDD1A98A462B}"
EndProject
Project("{FAE04EC0-301F-11D3-BF4B-00C04F79EFBC}") = "Application", "src\Application\Application.csproj", "{E4D7DE7A-11C3-4379-B3C5-B5E715C1D204}"
EndProject
Project("{FAE04EC0-301F-11D3-BF4B-00C04F79EFBC}") = "App.Localization", "..\..\Users\dom\source\repos\App.Localization\App.Localization\App.Localization.csproj", "{B692AE18-08EE-3C3F-A0A7-C0B882252D1E}"
EndProject
Project("{FAE04EC0-301F-11D3-BF4B-00C04F79EFBC}") = "App.Result", "..\..\Users\dom\source\repos\App.Result\App.Result\App.Result.csproj", "{DC9FAC5F-2E69-07DC-0C11-61363F30B037}"
EndProject
Project("{FAE04EC0-301F-11D3-BF4B-00C04F79EFBC}") = "DataStream", "..\..\Users\dom\source\repos\DataStream\src\DataStream\DataStream.csproj", "{FC5D9A23-9CE2-07C3-5728-21D55B4EEC80}"
EndProject
Project("{FAE04EC0-301F-11D3-BF4B-00C04F79EFBC}") = "DomainEvent", "..\..\Users\dom\source\repos\DomainEvent\DomainEvent\DomainEvent.csproj", "{59021A2A-5F65-114E-FDA6-F9DA3F0B8978}"
EndProject
Project("{FAE04EC0-301F-11D3-BF4B-00C04F79EFBC}") = "UnitTests", "UnitTests\UnitTests.csproj", "{7556470E-B320-42EF-8B7E-03B4787591C8}"
EndProject
Global
	GlobalSection(SolutionConfigurationPlatforms) = preSolution
		Debug|Any CPU = Debug|Any CPU
		Release|Any CPU = Release|Any CPU
	EndGlobalSection
	GlobalSection(ProjectConfigurationPlatforms) = postSolution
		{D77B14D4-15DA-4774-BE27-06B0F27C1B68}.Debug|Any CPU.ActiveCfg = Debug|Any CPU
		{D77B14D4-15DA-4774-BE27-06B0F27C1B68}.Debug|Any CPU.Build.0 = Debug|Any CPU
		{D77B14D4-15DA-4774-BE27-06B0F27C1B68}.Release|Any CPU.ActiveCfg = Release|Any CPU
		{D77B14D4-15DA-4774-BE27-06B0F27C1B68}.Release|Any CPU.Build.0 = Release|Any CPU
		{8C3ECCC1-3323-4A2E-B7D0-0EC8E4C54159}.Debug|Any CPU.ActiveCfg = Debug|Any CPU
		{8C3ECCC1-3323-4A2E-B7D0-0EC8E4C54159}.Debug|Any CPU.Build.0 = Debug|Any CPU
		{8C3ECCC1-3323-4A2E-B7D0-0EC8E4C54159}.Release|Any CPU.ActiveCfg = Release|Any CPU
		{8C3ECCC1-3323-4A2E-B7D0-0EC8E4C54159}.Release|Any CPU.Build.0 = Release|Any CPU
		{2EB70AF3-6C7A-47BD-B8A2-CDD1A98A462B}.Debug|Any CPU.ActiveCfg = Debug|Any CPU
		{2EB70AF3-6C7A-47BD-B8A2-CDD1A98A462B}.Debug|Any CPU.Build.0 = Debug|Any CPU
		{2EB70AF3-6C7A-47BD-B8A2-CDD1A98A462B}.Release|Any CPU.ActiveCfg = Release|Any CPU
		{2EB70AF3-6C7A-47BD-B8A2-CDD1A98A462B}.Release|Any CPU.Build.0 = Release|Any CPU
		{E4D7DE7A-11C3-4379-B3C5-B5E715C1D204}.Debug|Any CPU.ActiveCfg = Debug|Any CPU
		{E4D7DE7A-11C3-4379-B3C5-B5E715C1D204}.Debug|Any CPU.Build.0 = Debug|Any CPU
		{E4D7DE7A-11C3-4379-B3C5-B5E715C1D204}.Release|Any CPU.ActiveCfg = Release|Any CPU
		{E4D7DE7A-11C3-4379-B3C5-B5E715C1D204}.Release|Any CPU.Build.0 = Release|Any CPU
		{B692AE18-08EE-3C3F-A0A7-C0B882252D1E}.Debug|Any CPU.ActiveCfg = Debug|Any CPU
		{B692AE18-08EE-3C3F-A0A7-C0B882252D1E}.Debug|Any CPU.Build.0 = Debug|Any CPU
		{B692AE18-08EE-3C3F-A0A7-C0B882252D1E}.Release|Any CPU.ActiveCfg = Release|Any CPU
		{B692AE18-08EE-3C3F-A0A7-C0B882252D1E}.Release|Any CPU.Build.0 = Release|Any CPU
		{DC9FAC5F-2E69-07DC-0C11-61363F30B037}.Debug|Any CPU.ActiveCfg = Debug|Any CPU
		{DC9FAC5F-2E69-07DC-0C11-61363F30B037}.Debug|Any CPU.Build.0 = Debug|Any CPU
		{DC9FAC5F-2E69-07DC-0C11-61363F30B037}.Release|Any CPU.ActiveCfg = Release|Any CPU
		{DC9FAC5F-2E69-07DC-0C11-61363F30B037}.Release|Any CPU.Build.0 = Release|Any CPU
		{FC5D9A23-9CE2-07C3-5728-21D55B4EEC80}.Debug|Any CPU.ActiveCfg = Debug|Any CPU
		{FC5D9A23-9CE2-07C3-5728-21D55B4EEC80}.Debug|Any CPU.Build.0 = Debug|Any CPU
		{FC5D9A23-9CE2-07C3-5728-21D55B4EEC80}.Release|Any CPU.ActiveCfg = Release|Any CPU
		{FC5D9A23-9CE2-07C3-5728-21D55B4EEC80}.Release|Any CPU.Build.0 = Release|Any CPU
		{59021A2A-5F65-114E-FDA6-F9DA3F0B8978}.Debug|Any CPU.ActiveCfg = Debug|Any CPU
		{59021A2A-5F65-114E-FDA6-F9DA3F0B8978}.Debug|Any CPU.Build.0 = Debug|Any CPU
		{59021A2A-5F65-114E-FDA6-F9DA3F0B8978}.Release|Any CPU.ActiveCfg = Release|Any CPU
		{59021A2A-5F65-114E-FDA6-F9DA3F0B8978}.Release|Any CPU.Build.0 = Release|Any CPU
		{7556470E-B320-42EF-8B7E-03B4787591C8}.Debug|Any CPU.ActiveCfg = Debug|Any CPU
		{7556470E-B320-42EF-8B7E-03B4787591C8}.Debug|Any CPU.Build.0 = Debug|Any CPU
		{7556470E-B320-42EF-8B7E-03B4787591C8}.Release|Any CPU.ActiveCfg = Release|Any CPU
		{7556470E-B320-42EF-8B7E-03B4787591C8}.Release|Any CPU.Build.0 = Release|Any CPU
	EndGlobalSection
	GlobalSection(SolutionProperties) = preSolution
		HideSolutionNode = FALSE
	EndGlobalSection
	GlobalSection(NestedProjects) = preSolution
		{D77B14D4-15DA-4774-BE27-06B0F27C1B68} = {02EA681E-C7D8-13C7-8484-4AC65E1B71E8}
		{194E2C6D-9C64-42AF-85B3-82746C91166E} = {02EA681E-C7D8-13C7-8484-4AC65E1B71E8}
		{8C3ECCC1-3323-4A2E-B7D0-0EC8E4C54159} = {02EA681E-C7D8-13C7-8484-4AC65E1B71E8}
		{2EB70AF3-6C7A-47BD-B8A2-CDD1A98A462B} = {02EA681E-C7D8-13C7-8484-4AC65E1B71E8}
		{E4D7DE7A-11C3-4379-B3C5-B5E715C1D204} = {02EA681E-C7D8-13C7-8484-4AC65E1B71E8}
		{B692AE18-08EE-3C3F-A0A7-C0B882252D1E} = {194E2C6D-9C64-42AF-85B3-82746C91166E}
		{DC9FAC5F-2E69-07DC-0C11-61363F30B037} = {194E2C6D-9C64-42AF-85B3-82746C91166E}
		{FC5D9A23-9CE2-07C3-5728-21D55B4EEC80} = {194E2C6D-9C64-42AF-85B3-82746C91166E}
		{59021A2A-5F65-114E-FDA6-F9DA3F0B8978} = {194E2C6D-9C64-42AF-85B3-82746C91166E}
		{7556470E-B320-42EF-8B7E-03B4787591C8} = {CAAAE004-BF87-49AE-ADED-4DEEFC9B1E51}
	EndGlobalSection
	GlobalSection(ExtensibilityGlobals) = postSolution
		SolutionGuid = {08A303B5-231A-458A-9232-E6D92DDA87BA}
	EndGlobalSection
EndGlobal
